// !$*UTF8*$!
{
	archiveVersion = 1;
	classes = {
	};
	objectVersion = 56;
	objects = {

/* Begin PBXBuildFile section */
		E98F51CF29720830009F3414 /* AppDelegate.swift in Sources */ = {isa = PBXBuildFile; fileRef = E98F51CE29720830009F3414 /* AppDelegate.swift */; };
		E98F51D129720830009F3414 /* SceneDelegate.swift in Sources */ = {isa = PBXBuildFile; fileRef = E98F51D029720830009F3414 /* SceneDelegate.swift */; };
		E98F51D329720830009F3414 /* ViewController.swift in Sources */ = {isa = PBXBuildFile; fileRef = E98F51D229720830009F3414 /* ViewController.swift */; };
		E98F51D629720830009F3414 /* Main.storyboard in Resources */ = {isa = PBXBuildFile; fileRef = E98F51D429720830009F3414 /* Main.storyboard */; };
		E98F51D829720832009F3414 /* Assets.xcassets in Resources */ = {isa = PBXBuildFile; fileRef = E98F51D729720832009F3414 /* Assets.xcassets */; };
		E98F51DB29720832009F3414 /* LaunchScreen.storyboard in Resources */ = {isa = PBXBuildFile; fileRef = E98F51D929720832009F3414 /* LaunchScreen.storyboard */; };
		E98F51E629720833009F3414 /* MealsTests.swift in Sources */ = {isa = PBXBuildFile; fileRef = E98F51E529720833009F3414 /* MealsTests.swift */; };
		E98F51F029720833009F3414 /* MealsUITests.swift in Sources */ = {isa = PBXBuildFile; fileRef = E98F51EF29720833009F3414 /* MealsUITests.swift */; };
		E98F51F229720833009F3414 /* MealsUITestsLaunchTests.swift in Sources */ = {isa = PBXBuildFile; fileRef = E98F51F129720833009F3414 /* MealsUITestsLaunchTests.swift */; };
		E98F5201297209CF009F3414 /* HTTPNetwork.swift in Sources */ = {isa = PBXBuildFile; fileRef = E98F5200297209CF009F3414 /* HTTPNetwork.swift */; };
/* End PBXBuildFile section */

/* Begin PBXContainerItemProxy section */
		E98F51E229720833009F3414 /* PBXContainerItemProxy */ = {
			isa = PBXContainerItemProxy;
			containerPortal = E98F51C329720830009F3414 /* Project object */;
			proxyType = 1;
			remoteGlobalIDString = E98F51CA29720830009F3414;
			remoteInfo = Meals;
		};
		E98F51EC29720833009F3414 /* PBXContainerItemProxy */ = {
			isa = PBXContainerItemProxy;
			containerPortal = E98F51C329720830009F3414 /* Project object */;
			proxyType = 1;
			remoteGlobalIDString = E98F51CA29720830009F3414;
			remoteInfo = Meals;
		};
/* End PBXContainerItemProxy section */

/* Begin PBXFileReference section */
		E98F51CB29720830009F3414 /* Meals.app */ = {isa = PBXFileReference; explicitFileType = wrapper.application; includeInIndex = 0; path = Meals.app; sourceTree = BUILT_PRODUCTS_DIR; };
		E98F51CE29720830009F3414 /* AppDelegate.swift */ = {isa = PBXFileReference; lastKnownFileType = sourcecode.swift; path = AppDelegate.swift; sourceTree = "<group>"; };
		E98F51D029720830009F3414 /* SceneDelegate.swift */ = {isa = PBXFileReference; lastKnownFileType = sourcecode.swift; path = SceneDelegate.swift; sourceTree = "<group>"; };
		E98F51D229720830009F3414 /* ViewController.swift */ = {isa = PBXFileReference; lastKnownFileType = sourcecode.swift; path = ViewController.swift; sourceTree = "<group>"; };
		E98F51D529720830009F3414 /* Base */ = {isa = PBXFileReference; lastKnownFileType = file.storyboard; name = Base; path = Base.lproj/Main.storyboard; sourceTree = "<group>"; };
		E98F51D729720832009F3414 /* Assets.xcassets */ = {isa = PBXFileReference; lastKnownFileType = folder.assetcatalog; path = Assets.xcassets; sourceTree = "<group>"; };
		E98F51DA29720832009F3414 /* Base */ = {isa = PBXFileReference; lastKnownFileType = file.storyboard; name = Base; path = Base.lproj/LaunchScreen.storyboard; sourceTree = "<group>"; };
		E98F51DC29720832009F3414 /* Info.plist */ = {isa = PBXFileReference; lastKnownFileType = text.plist.xml; path = Info.plist; sourceTree = "<group>"; };
		E98F51E129720833009F3414 /* MealsTests.xctest */ = {isa = PBXFileReference; explicitFileType = wrapper.cfbundle; includeInIndex = 0; path = MealsTests.xctest; sourceTree = BUILT_PRODUCTS_DIR; };
		E98F51E529720833009F3414 /* MealsTests.swift */ = {isa = PBXFileReference; lastKnownFileType = sourcecode.swift; path = MealsTests.swift; sourceTree = "<group>"; };
		E98F51EB29720833009F3414 /* MealsUITests.xctest */ = {isa = PBXFileReference; explicitFileType = wrapper.cfbundle; includeInIndex = 0; path = MealsUITests.xctest; sourceTree = BUILT_PRODUCTS_DIR; };
		E98F51EF29720833009F3414 /* MealsUITests.swift */ = {isa = PBXFileReference; lastKnownFileType = sourcecode.swift; path = MealsUITests.swift; sourceTree = "<group>"; };
		E98F51F129720833009F3414 /* MealsUITestsLaunchTests.swift */ = {isa = PBXFileReference; lastKnownFileType = sourcecode.swift; path = MealsUITestsLaunchTests.swift; sourceTree = "<group>"; };
		E98F5200297209CF009F3414 /* HTTPNetwork.swift */ = {isa = PBXFileReference; lastKnownFileType = sourcecode.swift; path = HTTPNetwork.swift; sourceTree = "<group>"; };
/* End PBXFileReference section */

/* Begin PBXFrameworksBuildPhase section */
		E98F51C829720830009F3414 /* Frameworks */ = {
			isa = PBXFrameworksBuildPhase;
			buildActionMask = 2147483647;
			files = (
			);
			runOnlyForDeploymentPostprocessing = 0;
		};
		E98F51DE29720833009F3414 /* Frameworks */ = {
			isa = PBXFrameworksBuildPhase;
			buildActionMask = 2147483647;
			files = (
			);
			runOnlyForDeploymentPostprocessing = 0;
		};
		E98F51E829720833009F3414 /* Frameworks */ = {
			isa = PBXFrameworksBuildPhase;
			buildActionMask = 2147483647;
			files = (
			);
			runOnlyForDeploymentPostprocessing = 0;
		};
/* End PBXFrameworksBuildPhase section */

/* Begin PBXGroup section */
		E98F51C229720830009F3414 = {
			isa = PBXGroup;
			children = (
				E98F51CD29720830009F3414 /* Meals */,
				E98F51E429720833009F3414 /* MealsTests */,
				E98F51EE29720833009F3414 /* MealsUITests */,
				E98F51CC29720830009F3414 /* Products */,
			);
			sourceTree = "<group>";
		};
		E98F51CC29720830009F3414 /* Products */ = {
			isa = PBXGroup;
			children = (
				E98F51CB29720830009F3414 /* Meals.app */,
				E98F51E129720833009F3414 /* MealsTests.xctest */,
				E98F51EB29720833009F3414 /* MealsUITests.xctest */,
			);
			name = Products;
			sourceTree = "<group>";
		};
		E98F51CD29720830009F3414 /* Meals */ = {
			isa = PBXGroup;
			children = (
				E98F51FE29720949009F3414 /* Foundation */,
				E98F51CE29720830009F3414 /* AppDelegate.swift */,
				E98F51D029720830009F3414 /* SceneDelegate.swift */,
				E98F51D229720830009F3414 /* ViewController.swift */,
				E98F51D429720830009F3414 /* Main.storyboard */,
				E98F51D729720832009F3414 /* Assets.xcassets */,
				E98F51D929720832009F3414 /* LaunchScreen.storyboard */,
				E98F51DC29720832009F3414 /* Info.plist */,
			);
			path = Meals;
			sourceTree = "<group>";
		};
		E98F51E429720833009F3414 /* MealsTests */ = {
			isa = PBXGroup;
			children = (
				E98F51E529720833009F3414 /* MealsTests.swift */,
			);
			path = MealsTests;
			sourceTree = "<group>";
		};
		E98F51EE29720833009F3414 /* MealsUITests */ = {
			isa = PBXGroup;
			children = (
				E98F51EF29720833009F3414 /* MealsUITests.swift */,
				E98F51F129720833009F3414 /* MealsUITestsLaunchTests.swift */,
			);
			path = MealsUITests;
			sourceTree = "<group>";
		};
		E98F51FE29720949009F3414 /* Foundation */ = {
			isa = PBXGroup;
			children = (
				E98F51FF2972099F009F3414 /* HTTPNetwork */,
			);
			path = Foundation;
			sourceTree = "<group>";
		};
		E98F51FF2972099F009F3414 /* HTTPNetwork */ = {
			isa = PBXGroup;
			children = (
				E98F5200297209CF009F3414 /* HTTPNetwork.swift */,
			);
			path = HTTPNetwork;
			sourceTree = "<group>";
		};
/* End PBXGroup section */

/* Begin PBXNativeTarget section */
		E98F51CA29720830009F3414 /* Meals */ = {
			isa = PBXNativeTarget;
			buildConfigurationList = E98F51F529720833009F3414 /* Build configuration list for PBXNativeTarget "Meals" */;
			buildPhases = (
				E98F51C729720830009F3414 /* Sources */,
				E98F51C829720830009F3414 /* Frameworks */,
				E98F51C929720830009F3414 /* Resources */,
			);
			buildRules = (
			);
			dependencies = (
			);
			name = Meals;
			productName = Meals;
			productReference = E98F51CB29720830009F3414 /* Meals.app */;
			productType = "com.apple.product-type.application";
		};
		E98F51E029720833009F3414 /* MealsTests */ = {
			isa = PBXNativeTarget;
			buildConfigurationList = E98F51F829720833009F3414 /* Build configuration list for PBXNativeTarget "MealsTests" */;
			buildPhases = (
				E98F51DD29720833009F3414 /* Sources */,
				E98F51DE29720833009F3414 /* Frameworks */,
				E98F51DF29720833009F3414 /* Resources */,
			);
			buildRules = (
			);
			dependencies = (
				E98F51E329720833009F3414 /* PBXTargetDependency */,
			);
			name = MealsTests;
			productName = MealsTests;
			productReference = E98F51E129720833009F3414 /* MealsTests.xctest */;
			productType = "com.apple.product-type.bundle.unit-test";
		};
		E98F51EA29720833009F3414 /* MealsUITests */ = {
			isa = PBXNativeTarget;
			buildConfigurationList = E98F51FB29720833009F3414 /* Build configuration list for PBXNativeTarget "MealsUITests" */;
			buildPhases = (
				E98F51E729720833009F3414 /* Sources */,
				E98F51E829720833009F3414 /* Frameworks */,
				E98F51E929720833009F3414 /* Resources */,
			);
			buildRules = (
			);
			dependencies = (
				E98F51ED29720833009F3414 /* PBXTargetDependency */,
			);
			name = MealsUITests;
			productName = MealsUITests;
			productReference = E98F51EB29720833009F3414 /* MealsUITests.xctest */;
			productType = "com.apple.product-type.bundle.ui-testing";
		};
/* End PBXNativeTarget section */

/* Begin PBXProject section */
		E98F51C329720830009F3414 /* Project object */ = {
			isa = PBXProject;
			attributes = {
				BuildIndependentTargetsInParallel = 1;
				LastSwiftUpdateCheck = 1410;
				LastUpgradeCheck = 1410;
				TargetAttributes = {
					E98F51CA29720830009F3414 = {
						CreatedOnToolsVersion = 14.1;
					};
					E98F51E029720833009F3414 = {
						CreatedOnToolsVersion = 14.1;
						TestTargetID = E98F51CA29720830009F3414;
					};
					E98F51EA29720833009F3414 = {
						CreatedOnToolsVersion = 14.1;
						TestTargetID = E98F51CA29720830009F3414;
					};
				};
			};
			buildConfigurationList = E98F51C629720830009F3414 /* Build configuration list for PBXProject "Meals" */;
			compatibilityVersion = "Xcode 14.0";
			developmentRegion = en;
			hasScannedForEncodings = 0;
			knownRegions = (
				en,
				Base,
			);
			mainGroup = E98F51C229720830009F3414;
			productRefGroup = E98F51CC29720830009F3414 /* Products */;
			projectDirPath = "";
			projectRoot = "";
			targets = (
				E98F51CA29720830009F3414 /* Meals */,
				E98F51E029720833009F3414 /* MealsTests */,
				E98F51EA29720833009F3414 /* MealsUITests */,
			);
		};
/* End PBXProject section */

/* Begin PBXResourcesBuildPhase section */
		E98F51C929720830009F3414 /* Resources */ = {
			isa = PBXResourcesBuildPhase;
			buildActionMask = 2147483647;
			files = (
				E98F51DB29720832009F3414 /* LaunchScreen.storyboard in Resources */,
				E98F51D829720832009F3414 /* Assets.xcassets in Resources */,
				E98F51D629720830009F3414 /* Main.storyboard in Resources */,
			);
			runOnlyForDeploymentPostprocessing = 0;
		};
		E98F51DF29720833009F3414 /* Resources */ = {
			isa = PBXResourcesBuildPhase;
			buildActionMask = 2147483647;
			files = (
			);
			runOnlyForDeploymentPostprocessing = 0;
		};
		E98F51E929720833009F3414 /* Resources */ = {
			isa = PBXResourcesBuildPhase;
			buildActionMask = 2147483647;
			files = (
			);
			runOnlyForDeploymentPostprocessing = 0;
		};
/* End PBXResourcesBuildPhase section */

/* Begin PBXSourcesBuildPhase section */
		E98F51C729720830009F3414 /* Sources */ = {
			isa = PBXSourcesBuildPhase;
			buildActionMask = 2147483647;
			files = (
				E98F51D329720830009F3414 /* ViewController.swift in Sources */,
				E98F51CF29720830009F3414 /* AppDelegate.swift in Sources */,
				E98F5201297209CF009F3414 /* HTTPNetwork.swift in Sources */,
				E98F51D129720830009F3414 /* SceneDelegate.swift in Sources */,
			);
			runOnlyForDeploymentPostprocessing = 0;
		};
		E98F51DD29720833009F3414 /* Sources */ = {
			isa = PBXSourcesBuildPhase;
			buildActionMask = 2147483647;
			files = (
				E98F51E629720833009F3414 /* MealsTests.swift in Sources */,
			);
			runOnlyForDeploymentPostprocessing = 0;
		};
		E98F51E729720833009F3414 /* Sources */ = {
			isa = PBXSourcesBuildPhase;
			buildActionMask = 2147483647;
			files = (
				E98F51F029720833009F3414 /* MealsUITests.swift in Sources */,
				E98F51F229720833009F3414 /* MealsUITestsLaunchTests.swift in Sources */,
			);
			runOnlyForDeploymentPostprocessing = 0;
		};
/* End PBXSourcesBuildPhase section */

/* Begin PBXTargetDependency section */
		E98F51E329720833009F3414 /* PBXTargetDependency */ = {
			isa = PBXTargetDependency;
			target = E98F51CA29720830009F3414 /* Meals */;
			targetProxy = E98F51E229720833009F3414 /* PBXContainerItemProxy */;
		};
		E98F51ED29720833009F3414 /* PBXTargetDependency */ = {
			isa = PBXTargetDependency;
			target = E98F51CA29720830009F3414 /* Meals */;
			targetProxy = E98F51EC29720833009F3414 /* PBXContainerItemProxy */;
		};
/* End PBXTargetDependency section */

/* Begin PBXVariantGroup section */
		E98F51D429720830009F3414 /* Main.storyboard */ = {
			isa = PBXVariantGroup;
			children = (
				E98F51D529720830009F3414 /* Base */,
			);
			name = Main.storyboard;
			sourceTree = "<group>";
		};
		E98F51D929720832009F3414 /* LaunchScreen.storyboard */ = {
			isa = PBXVariantGroup;
			children = (
				E98F51DA29720832009F3414 /* Base */,
			);
			name = LaunchScreen.storyboard;
			sourceTree = "<group>";
		};
/* End PBXVariantGroup section */

/* Begin XCBuildConfiguration section */
		E98F51F329720833009F3414 /* Debug */ = {
			isa = XCBuildConfiguration;
			buildSettings = {
				ALWAYS_SEARCH_USER_PATHS = NO;
				CLANG_ANALYZER_NONNULL = YES;
				CLANG_ANALYZER_NUMBER_OBJECT_CONVERSION = YES_AGGRESSIVE;
				CLANG_CXX_LANGUAGE_STANDARD = "gnu++20";
				CLANG_ENABLE_MODULES = YES;
				CLANG_ENABLE_OBJC_ARC = YES;
				CLANG_ENABLE_OBJC_WEAK = YES;
				CLANG_WARN_BLOCK_CAPTURE_AUTORELEASING = YES;
				CLANG_WARN_BOOL_CONVERSION = YES;
				CLANG_WARN_COMMA = YES;
				CLANG_WARN_CONSTANT_CONVERSION = YES;
				CLANG_WARN_DEPRECATED_OBJC_IMPLEMENTATIONS = YES;
				CLANG_WARN_DIRECT_OBJC_ISA_USAGE = YES_ERROR;
				CLANG_WARN_DOCUMENTATION_COMMENTS = YES;
				CLANG_WARN_EMPTY_BODY = YES;
				CLANG_WARN_ENUM_CONVERSION = YES;
				CLANG_WARN_INFINITE_RECURSION = YES;
				CLANG_WARN_INT_CONVERSION = YES;
				CLANG_WARN_NON_LITERAL_NULL_CONVERSION = YES;
				CLANG_WARN_OBJC_IMPLICIT_RETAIN_SELF = YES;
				CLANG_WARN_OBJC_LITERAL_CONVERSION = YES;
				CLANG_WARN_OBJC_ROOT_CLASS = YES_ERROR;
				CLANG_WARN_QUOTED_INCLUDE_IN_FRAMEWORK_HEADER = YES;
				CLANG_WARN_RANGE_LOOP_ANALYSIS = YES;
				CLANG_WARN_STRICT_PROTOTYPES = YES;
				CLANG_WARN_SUSPICIOUS_MOVE = YES;
				CLANG_WARN_UNGUARDED_AVAILABILITY = YES_AGGRESSIVE;
				CLANG_WARN_UNREACHABLE_CODE = YES;
				CLANG_WARN__DUPLICATE_METHOD_MATCH = YES;
				COPY_PHASE_STRIP = NO;
				DEBUG_INFORMATION_FORMAT = dwarf;
				ENABLE_STRICT_OBJC_MSGSEND = YES;
				ENABLE_TESTABILITY = YES;
				GCC_C_LANGUAGE_STANDARD = gnu11;
				GCC_DYNAMIC_NO_PIC = NO;
				GCC_NO_COMMON_BLOCKS = YES;
				GCC_OPTIMIZATION_LEVEL = 0;
				GCC_PREPROCESSOR_DEFINITIONS = (
					"DEBUG=1",
					"$(inherited)",
				);
				GCC_WARN_64_TO_32_BIT_CONVERSION = YES;
				GCC_WARN_ABOUT_RETURN_TYPE = YES_ERROR;
				GCC_WARN_UNDECLARED_SELECTOR = YES;
				GCC_WARN_UNINITIALIZED_AUTOS = YES_AGGRESSIVE;
				GCC_WARN_UNUSED_FUNCTION = YES;
				GCC_WARN_UNUSED_VARIABLE = YES;
				IPHONEOS_DEPLOYMENT_TARGET = 16.1;
				MTL_ENABLE_DEBUG_INFO = INCLUDE_SOURCE;
				MTL_FAST_MATH = YES;
				ONLY_ACTIVE_ARCH = YES;
				SDKROOT = iphoneos;
				SWIFT_ACTIVE_COMPILATION_CONDITIONS = DEBUG;
				SWIFT_OPTIMIZATION_LEVEL = "-Onone";
			};
			name = Debug;
		};
		E98F51F429720833009F3414 /* Release */ = {
			isa = XCBuildConfiguration;
			buildSettings = {
				ALWAYS_SEARCH_USER_PATHS = NO;
				CLANG_ANALYZER_NONNULL = YES;
				CLANG_ANALYZER_NUMBER_OBJECT_CONVERSION = YES_AGGRESSIVE;
				CLANG_CXX_LANGUAGE_STANDARD = "gnu++20";
				CLANG_ENABLE_MODULES = YES;
				CLANG_ENABLE_OBJC_ARC = YES;
				CLANG_ENABLE_OBJC_WEAK = YES;
				CLANG_WARN_BLOCK_CAPTURE_AUTORELEASING = YES;
				CLANG_WARN_BOOL_CONVERSION = YES;
				CLANG_WARN_COMMA = YES;
				CLANG_WARN_CONSTANT_CONVERSION = YES;
				CLANG_WARN_DEPRECATED_OBJC_IMPLEMENTATIONS = YES;
				CLANG_WARN_DIRECT_OBJC_ISA_USAGE = YES_ERROR;
				CLANG_WARN_DOCUMENTATION_COMMENTS = YES;
				CLANG_WARN_EMPTY_BODY = YES;
				CLANG_WARN_ENUM_CONVERSION = YES;
				CLANG_WARN_INFINITE_RECURSION = YES;
				CLANG_WARN_INT_CONVERSION = YES;
				CLANG_WARN_NON_LITERAL_NULL_CONVERSION = YES;
				CLANG_WARN_OBJC_IMPLICIT_RETAIN_SELF = YES;
				CLANG_WARN_OBJC_LITERAL_CONVERSION = YES;
				CLANG_WARN_OBJC_ROOT_CLASS = YES_ERROR;
				CLANG_WARN_QUOTED_INCLUDE_IN_FRAMEWORK_HEADER = YES;
				CLANG_WARN_RANGE_LOOP_ANALYSIS = YES;
				CLANG_WARN_STRICT_PROTOTYPES = YES;
				CLANG_WARN_SUSPICIOUS_MOVE = YES;
				CLANG_WARN_UNGUARDED_AVAILABILITY = YES_AGGRESSIVE;
				CLANG_WARN_UNREACHABLE_CODE = YES;
				CLANG_WARN__DUPLICATE_METHOD_MATCH = YES;
				COPY_PHASE_STRIP = NO;
				DEBUG_INFORMATION_FORMAT = "dwarf-with-dsym";
				ENABLE_NS_ASSERTIONS = NO;
				ENABLE_STRICT_OBJC_MSGSEND = YES;
				GCC_C_LANGUAGE_STANDARD = gnu11;
				GCC_NO_COMMON_BLOCKS = YES;
				GCC_WARN_64_TO_32_BIT_CONVERSION = YES;
				GCC_WARN_ABOUT_RETURN_TYPE = YES_ERROR;
				GCC_WARN_UNDECLARED_SELECTOR = YES;
				GCC_WARN_UNINITIALIZED_AUTOS = YES_AGGRESSIVE;
				GCC_WARN_UNUSED_FUNCTION = YES;
				GCC_WARN_UNUSED_VARIABLE = YES;
				IPHONEOS_DEPLOYMENT_TARGET = 16.1;
				MTL_ENABLE_DEBUG_INFO = NO;
				MTL_FAST_MATH = YES;
				SDKROOT = iphoneos;
				SWIFT_COMPILATION_MODE = wholemodule;
				SWIFT_OPTIMIZATION_LEVEL = "-O";
				VALIDATE_PRODUCT = YES;
			};
			name = Release;
		};
		E98F51F629720833009F3414 /* Debug */ = {
			isa = XCBuildConfiguration;
			buildSettings = {
				ASSETCATALOG_COMPILER_APPICON_NAME = AppIcon;
				ASSETCATALOG_COMPILER_GLOBAL_ACCENT_COLOR_NAME = AccentColor;
				CODE_SIGN_STYLE = Automatic;
				CURRENT_PROJECT_VERSION = 1;
				GENERATE_INFOPLIST_FILE = YES;
				INFOPLIST_FILE = Meals/Info.plist;
				INFOPLIST_KEY_UIApplicationSupportsIndirectInputEvents = YES;
				INFOPLIST_KEY_UILaunchStoryboardName = LaunchScreen;
				INFOPLIST_KEY_UIMainStoryboardFile = Main;
				INFOPLIST_KEY_UISupportedInterfaceOrientations_iPad = "UIInterfaceOrientationPortrait UIInterfaceOrientationPortraitUpsideDown UIInterfaceOrientationLandscapeLeft UIInterfaceOrientationLandscapeRight";
				INFOPLIST_KEY_UISupportedInterfaceOrientations_iPhone = "UIInterfaceOrientationPortrait UIInterfaceOrientationLandscapeLeft UIInterfaceOrientationLandscapeRight";
				LD_RUNPATH_SEARCH_PATHS = (
					"$(inherited)",
					"@executable_path/Frameworks",
				);
				MARKETING_VERSION = 1.0;
				PRODUCT_BUNDLE_IDENTIFIER = chai.Meals;
				PRODUCT_NAME = "$(TARGET_NAME)";
				SWIFT_EMIT_LOC_STRINGS = YES;
				SWIFT_VERSION = 5.0;
				TARGETED_DEVICE_FAMILY = "1,2";
			};
			name = Debug;
		};
		E98F51F729720833009F3414 /* Release */ = {
			isa = XCBuildConfiguration;
			buildSettings = {
				ASSETCATALOG_COMPILER_APPICON_NAME = AppIcon;
				ASSETCATALOG_COMPILER_GLOBAL_ACCENT_COLOR_NAME = AccentColor;
				CODE_SIGN_STYLE = Automatic;
				CURRENT_PROJECT_VERSION = 1;
				GENERATE_INFOPLIST_FILE = YES;
				INFOPLIST_FILE = Meals/Info.plist;
				INFOPLIST_KEY_UIApplicationSupportsIndirectInputEvents = YES;
				INFOPLIST_KEY_UILaunchStoryboardName = LaunchScreen;
				INFOPLIST_KEY_UIMainStoryboardFile = Main;
				INFOPLIST_KEY_UISupportedInterfaceOrientations_iPad = "UIInterfaceOrientationPortrait UIInterfaceOrientationPortraitUpsideDown UIInterfaceOrientationLandscapeLeft UIInterfaceOrientationLandscapeRight";
				INFOPLIST_KEY_UISupportedInterfaceOrientations_iPhone = "UIInterfaceOrientationPortrait UIInterfaceOrientationLandscapeLeft UIInterfaceOrientationLandscapeRight";
				LD_RUNPATH_SEARCH_PATHS = (
					"$(inherited)",
					"@executable_path/Frameworks",
				);
				MARKETING_VERSION = 1.0;
				PRODUCT_BUNDLE_IDENTIFIER = chai.Meals;
				PRODUCT_NAME = "$(TARGET_NAME)";
				SWIFT_EMIT_LOC_STRINGS = YES;
				SWIFT_VERSION = 5.0;
				TARGETED_DEVICE_FAMILY = "1,2";
			};
			name = Release;
		};
		E98F51F929720833009F3414 /* Debug */ = {
			isa = XCBuildConfiguration;
			buildSettings = {
				ALWAYS_EMBED_SWIFT_STANDARD_LIBRARIES = YES;
				BUNDLE_LOADER = "$(TEST_HOST)";
				CODE_SIGN_STYLE = Automatic;
				CURRENT_PROJECT_VERSION = 1;
				GENERATE_INFOPLIST_FILE = YES;
				IPHONEOS_DEPLOYMENT_TARGET = 16.1;
				MARKETING_VERSION = 1.0;
				PRODUCT_BUNDLE_IDENTIFIER = chai.MealsTests;
				PRODUCT_NAME = "$(TARGET_NAME)";
				SWIFT_EMIT_LOC_STRINGS = NO;
				SWIFT_VERSION = 5.0;
				TARGETED_DEVICE_FAMILY = "1,2";
				TEST_HOST = "$(BUILT_PRODUCTS_DIR)/Meals.app/$(BUNDLE_EXECUTABLE_FOLDER_PATH)/Meals";
			};
			name = Debug;
		};
		E98F51FA29720833009F3414 /* Release */ = {
			isa = XCBuildConfiguration;
			buildSettings = {
				ALWAYS_EMBED_SWIFT_STANDARD_LIBRARIES = YES;
				BUNDLE_LOADER = "$(TEST_HOST)";
				CODE_SIGN_STYLE = Automatic;
				CURRENT_PROJECT_VERSION = 1;
				GENERATE_INFOPLIST_FILE = YES;
				IPHONEOS_DEPLOYMENT_TARGET = 16.1;
				MARKETING_VERSION = 1.0;
				PRODUCT_BUNDLE_IDENTIFIER = chai.MealsTests;
				PRODUCT_NAME = "$(TARGET_NAME)";
				SWIFT_EMIT_LOC_STRINGS = NO;
				SWIFT_VERSION = 5.0;
				TARGETED_DEVICE_FAMILY = "1,2";
				TEST_HOST = "$(BUILT_PRODUCTS_DIR)/Meals.app/$(BUNDLE_EXECUTABLE_FOLDER_PATH)/Meals";
			};
			name = Release;
		};
		E98F51FC29720833009F3414 /* Debug */ = {
			isa = XCBuildConfiguration;
			buildSettings = {
				ALWAYS_EMBED_SWIFT_STANDARD_LIBRARIES = YES;
				CODE_SIGN_STYLE = Automatic;
				CURRENT_PROJECT_VERSION = 1;
				GENERATE_INFOPLIST_FILE = YES;
				MARKETING_VERSION = 1.0;
				PRODUCT_BUNDLE_IDENTIFIER = chai.MealsUITests;
				PRODUCT_NAME = "$(TARGET_NAME)";
				SWIFT_EMIT_LOC_STRINGS = NO;
				SWIFT_VERSION = 5.0;
				TARGETED_DEVICE_FAMILY = "1,2";
				TEST_TARGET_NAME = Meals;
			};
			name = Debug;
		};
		E98F51FD29720833009F3414 /* Release */ = {
			isa = XCBuildConfiguration;
			buildSettings = {
				ALWAYS_EMBED_SWIFT_STANDARD_LIBRARIES = YES;
				CODE_SIGN_STYLE = Automatic;
				CURRENT_PROJECT_VERSION = 1;
				GENERATE_INFOPLIST_FILE = YES;
				MARKETING_VERSION = 1.0;
				PRODUCT_BUNDLE_IDENTIFIER = chai.MealsUITests;
				PRODUCT_NAME = "$(TARGET_NAME)";
				SWIFT_EMIT_LOC_STRINGS = NO;
				SWIFT_VERSION = 5.0;
				TARGETED_DEVICE_FAMILY = "1,2";
				TEST_TARGET_NAME = Meals;
			};
			name = Release;
		};
/* End XCBuildConfiguration section */

/* Begin XCConfigurationList section */
		E98F51C629720830009F3414 /* Build configuration list for PBXProject "Meals" */ = {
			isa = XCConfigurationList;
			buildConfigurations = (
				E98F51F329720833009F3414 /* Debug */,
				E98F51F429720833009F3414 /* Release */,
			);
			defaultConfigurationIsVisible = 0;
			defaultConfigurationName = Release;
		};
		E98F51F529720833009F3414 /* Build configuration list for PBXNativeTarget "Meals" */ = {
			isa = XCConfigurationList;
			buildConfigurations = (
				E98F51F629720833009F3414 /* Debug */,
				E98F51F729720833009F3414 /* Release */,
			);
			defaultConfigurationIsVisible = 0;
			defaultConfigurationName = Release;
		};
		E98F51F829720833009F3414 /* Build configuration list for PBXNativeTarget "MealsTests" */ = {
			isa = XCConfigurationList;
			buildConfigurations = (
				E98F51F929720833009F3414 /* Debug */,
				E98F51FA29720833009F3414 /* Release */,
			);
			defaultConfigurationIsVisible = 0;
			defaultConfigurationName = Release;
		};
		E98F51FB29720833009F3414 /* Build configuration list for PBXNativeTarget "MealsUITests" */ = {
			isa = XCConfigurationList;
			buildConfigurations = (
				E98F51FC29720833009F3414 /* Debug */,
				E98F51FD29720833009F3414 /* Release */,
			);
			defaultConfigurationIsVisible = 0;
			defaultConfigurationName = Release;
		};
/* End XCConfigurationList section */
	};
	rootObject = E98F51C329720830009F3414 /* Project object */;
}
